
Microsoft Visual Studio Solution File, Format Version 12.00
# Visual Studio Version 17
VisualStudioVersion = 17.1.32414.318
MinimumVisualStudioVersion = 10.0.40219.1
Project("{9A19103F-16F7-4668-BE54-9A1E7A4F7556}") = "DemoWebApplication", "DemoWebApplication.csproj", "{8473BA4A-78FE-4A52-8F2D-5063A507DFD9}"
EndProject
Project("{FAE04EC0-301F-11D3-BF4B-00C04F79EFBC}") = "DemoWebApplicationTest", "..\DemoWebApplicationTest\DemoWebApplicationTest.csproj", "{FCC5CC84-4849-420A-A31C-E7A9EEBF11A0}"
EndProject
Global
	GlobalSection(SolutionConfigurationPlatforms) = preSolution
		Debug|Any CPU = Debug|Any CPU
		Release|Any CPU = Release|Any CPU
	EndGlobalSection
	GlobalSection(ProjectConfigurationPlatforms) = postSolution
		{8473BA4A-78FE-4A52-8F2D-5063A507DFD9}.Debug|Any CPU.ActiveCfg = Debug|Any CPU
		{8473BA4A-78FE-4A52-8F2D-5063A507DFD9}.Debug|Any CPU.Build.0 = Debug|Any CPU
		{8473BA4A-78FE-4A52-8F2D-5063A507DFD9}.Release|Any CPU.ActiveCfg = Release|Any CPU
		{8473BA4A-78FE-4A52-8F2D-5063A507DFD9}.Release|Any CPU.Build.0 = Release|Any CPU
		{FCC5CC84-4849-420A-A31C-E7A9EEBF11A0}.Debug|Any CPU.ActiveCfg = Debug|Any CPU
		{FCC5CC84-4849-420A-A31C-E7A9EEBF11A0}.Debug|Any CPU.Build.0 = Debug|Any CPU
		{FCC5CC84-4849-420A-A31C-E7A9EEBF11A0}.Release|Any CPU.ActiveCfg = Release|Any CPU
		{FCC5CC84-4849-420A-A31C-E7A9EEBF11A0}.Release|Any CPU.Build.0 = Release|Any CPU
	EndGlobalSection
	GlobalSection(SolutionProperties) = preSolution
		HideSolutionNode = FALSE
	EndGlobalSection
	GlobalSection(ExtensibilityGlobals) = postSolution
		SolutionGuid = {4C44448A-DA5D-4724-8F44-07DE86346128}
	EndGlobalSection
EndGlobal
